
Microsoft Visual Studio Solution File, Format Version 12.00
Project("{FAE04EC0-301F-11D3-BF4B-00C04F79EFBC}") = "ServerManager", "ServerManager.csproj", "{1BE433F0-9ED0-4FD7-8547-9D605436564A}"
EndProject
Global
	GlobalSection(SolutionConfigurationPlatforms) = preSolution
		Debug|Any CPU = Debug|Any CPU
		Release|Any CPU = Release|Any CPU
	EndGlobalSection
	GlobalSection(ProjectConfigurationPlatforms) = postSolution
		{1BE433F0-9ED0-4FD7-8547-9D605436564A}.Debug|Any CPU.ActiveCfg = Debug|Any CPU
		{1BE433F0-9ED0-4FD7-8547-9D605436564A}.Debug|Any CPU.Build.0 = Debug|Any CPU
		{1BE433F0-9ED0-4FD7-8547-9D605436564A}.Release|Any CPU.ActiveCfg = Release|Any CPU
		{1BE433F0-9ED0-4FD7-8547-9D605436564A}.Release|Any CPU.Build.0 = Release|Any CPU
	EndGlobalSection
EndGlobal
